// !$*UTF8*$!
{
	archiveVersion = 1;
	classes = {
	};
	objectVersion = 50;
	objects = {

/* Begin PBXBuildFile section */
		286EAE2F25664742003990C6 /* DetailView.swift in Sources */ = {isa = PBXBuildFile; fileRef = 286EAE2E25664742003990C6 /* DetailView.swift */; };
		28B073F2256574570004638D /* AppDelegate.swift in Sources */ = {isa = PBXBuildFile; fileRef = 28B073F1256574570004638D /* AppDelegate.swift */; };
		28B073F4256574570004638D /* SceneDelegate.swift in Sources */ = {isa = PBXBuildFile; fileRef = 28B073F3256574570004638D /* SceneDelegate.swift */; };
		28B073F6256574570004638D /* ContentView.swift in Sources */ = {isa = PBXBuildFile; fileRef = 28B073F5256574570004638D /* ContentView.swift */; };
		28B073F82565745C0004638D /* Assets.xcassets in Resources */ = {isa = PBXBuildFile; fileRef = 28B073F72565745C0004638D /* Assets.xcassets */; };
		28B073FB2565745C0004638D /* Preview Assets.xcassets in Resources */ = {isa = PBXBuildFile; fileRef = 28B073FA2565745C0004638D /* Preview Assets.xcassets */; };
		28B073FE2565745C0004638D /* LaunchScreen.storyboard in Resources */ = {isa = PBXBuildFile; fileRef = 28B073FC2565745C0004638D /* LaunchScreen.storyboard */; };
		28B0740E2565792E0004638D /* NetworkManager.swift in Sources */ = {isa = PBXBuildFile; fileRef = 28B0740D2565792E0004638D /* NetworkManager.swift */; };
		28B0741125657D3D0004638D /* DecodePostData.swift in Sources */ = {isa = PBXBuildFile; fileRef = 28B0741025657D3D0004638D /* DecodePostData.swift */; };
/* End PBXBuildFile section */

/* Begin PBXFileReference section */
		286EAE2E25664742003990C6 /* DetailView.swift */ = {isa = PBXFileReference; lastKnownFileType = sourcecode.swift; path = DetailView.swift; sourceTree = "<group>"; };
		28B073EE256574570004638D /* HN.app */ = {isa = PBXFileReference; explicitFileType = wrapper.application; includeInIndex = 0; path = HN.app; sourceTree = BUILT_PRODUCTS_DIR; };
		28B073F1256574570004638D /* AppDelegate.swift */ = {isa = PBXFileReference; lastKnownFileType = sourcecode.swift; path = AppDelegate.swift; sourceTree = "<group>"; };
		28B073F3256574570004638D /* SceneDelegate.swift */ = {isa = PBXFileReference; lastKnownFileType = sourcecode.swift; path = SceneDelegate.swift; sourceTree = "<group>"; };
		28B073F5256574570004638D /* ContentView.swift */ = {isa = PBXFileReference; lastKnownFileType = sourcecode.swift; path = ContentView.swift; sourceTree = "<group>"; };
		28B073F72565745C0004638D /* Assets.xcassets */ = {isa = PBXFileReference; lastKnownFileType = folder.assetcatalog; path = Assets.xcassets; sourceTree = "<group>"; };
		28B073FA2565745C0004638D /* Preview Assets.xcassets */ = {isa = PBXFileReference; lastKnownFileType = folder.assetcatalog; path = "Preview Assets.xcassets"; sourceTree = "<group>"; };
		28B073FD2565745C0004638D /* Base */ = {isa = PBXFileReference; lastKnownFileType = file.storyboard; name = Base; path = Base.lproj/LaunchScreen.storyboard; sourceTree = "<group>"; };
		28B073FF2565745C0004638D /* Info.plist */ = {isa = PBXFileReference; lastKnownFileType = text.plist.xml; path = Info.plist; sourceTree = "<group>"; };
		28B0740D2565792E0004638D /* NetworkManager.swift */ = {isa = PBXFileReference; lastKnownFileType = sourcecode.swift; path = NetworkManager.swift; sourceTree = "<group>"; };
		28B0741025657D3D0004638D /* DecodePostData.swift */ = {isa = PBXFileReference; lastKnownFileType = sourcecode.swift; path = DecodePostData.swift; sourceTree = "<group>"; };
/* End PBXFileReference section */

/* Begin PBXFrameworksBuildPhase section */
		28B073EB256574570004638D /* Frameworks */ = {
			isa = PBXFrameworksBuildPhase;
			buildActionMask = 2147483647;
			files = (
			);
			runOnlyForDeploymentPostprocessing = 0;
		};
/* End PBXFrameworksBuildPhase section */

/* Begin PBXGroup section */
		286EAE2C25664690003990C6 /* Views */ = {
			isa = PBXGroup;
			children = (
				28B073F5256574570004638D /* ContentView.swift */,
				286EAE2E25664742003990C6 /* DetailView.swift */,
			);
			path = Views;
			sourceTree = "<group>";
		};
		28B073E5256574570004638D = {
			isa = PBXGroup;
			children = (
				28B073F0256574570004638D /* HN */,
				28B073EF256574570004638D /* Products */,
			);
			sourceTree = "<group>";
		};
		28B073EF256574570004638D /* Products */ = {
			isa = PBXGroup;
			children = (
				28B073EE256574570004638D /* HN.app */,
			);
			name = Products;
			sourceTree = "<group>";
		};
		28B073F0256574570004638D /* HN */ = {
			isa = PBXGroup;
			children = (
				28B073F1256574570004638D /* AppDelegate.swift */,
				28B073F3256574570004638D /* SceneDelegate.swift */,
				286EAE2C25664690003990C6 /* Views */,
				28B07406256577990004638D /* Model */,
				28B073F72565745C0004638D /* Assets.xcassets */,
				28B073FC2565745C0004638D /* LaunchScreen.storyboard */,
				28B073FF2565745C0004638D /* Info.plist */,
				28B073F92565745C0004638D /* Preview Content */,
			);
			path = HN;
			sourceTree = "<group>";
		};
		28B073F92565745C0004638D /* Preview Content */ = {
			isa = PBXGroup;
			children = (
				28B073FA2565745C0004638D /* Preview Assets.xcassets */,
			);
			path = "Preview Content";
			sourceTree = "<group>";
		};
		28B07406256577990004638D /* Model */ = {
			isa = PBXGroup;
			children = (
				28B0740D2565792E0004638D /* NetworkManager.swift */,
				28B0741025657D3D0004638D /* DecodePostData.swift */,
			);
			path = Model;
			sourceTree = "<group>";
		};
/* End PBXGroup section */

/* Begin PBXNativeTarget section */
		28B073ED256574570004638D /* HN */ = {
			isa = PBXNativeTarget;
			buildConfigurationList = 28B074022565745C0004638D /* Build configuration list for PBXNativeTarget "HN" */;
			buildPhases = (
				28B073EA256574570004638D /* Sources */,
				28B073EB256574570004638D /* Frameworks */,
				28B073EC256574570004638D /* Resources */,
			);
			buildRules = (
			);
			dependencies = (
			);
			name = HN;
			productName = HN;
			productReference = 28B073EE256574570004638D /* HN.app */;
			productType = "com.apple.product-type.application";
		};
/* End PBXNativeTarget section */

/* Begin PBXProject section */
		28B073E6256574570004638D /* Project object */ = {
			isa = PBXProject;
			attributes = {
				LastSwiftUpdateCheck = 1200;
				LastUpgradeCheck = 1200;
				TargetAttributes = {
					28B073ED256574570004638D = {
						CreatedOnToolsVersion = 12.0.1;
					};
				};
			};
			buildConfigurationList = 28B073E9256574570004638D /* Build configuration list for PBXProject "HN" */;
			compatibilityVersion = "Xcode 9.3";
			developmentRegion = en;
			hasScannedForEncodings = 0;
			knownRegions = (
				en,
				Base,
			);
			mainGroup = 28B073E5256574570004638D;
			productRefGroup = 28B073EF256574570004638D /* Products */;
			projectDirPath = "";
			projectRoot = "";
			targets = (
				28B073ED256574570004638D /* HN */,
			);
		};
/* End PBXProject section */

/* Begin PBXResourcesBuildPhase section */
		28B073EC256574570004638D /* Resources */ = {
			isa = PBXResourcesBuildPhase;
			buildActionMask = 2147483647;
			files = (
				28B073FE2565745C0004638D /* LaunchScreen.storyboard in Resources */,
				28B073FB2565745C0004638D /* Preview Assets.xcassets in Resources */,
				28B073F82565745C0004638D /* Assets.xcassets in Resources */,
			);
			runOnlyForDeploymentPostprocessing = 0;
		};
/* End PBXResourcesBuildPhase section */

/* Begin PBXSourcesBuildPhase section */
		28B073EA256574570004638D /* Sources */ = {
			isa = PBXSourcesBuildPhase;
			buildActionMask = 2147483647;
			files = (
				28B0740E2565792E0004638D /* NetworkManager.swift in Sources */,
				286EAE2F25664742003990C6 /* DetailView.swift in Sources */,
				28B073F2256574570004638D /* AppDelegate.swift in Sources */,
				28B073F4256574570004638D /* SceneDelegate.swift in Sources */,
				28B0741125657D3D0004638D /* DecodePostData.swift in Sources */,
				28B073F6256574570004638D /* ContentView.swift in Sources */,
			);
			runOnlyForDeploymentPostprocessing = 0;
		};
/* End PBXSourcesBuildPhase section */

/* Begin PBXVariantGroup section */
		28B073FC2565745C0004638D /* LaunchScreen.storyboard */ = {
			isa = PBXVariantGroup;
			children = (
				28B073FD2565745C0004638D /* Base */,
			);
			name = LaunchScreen.storyboard;
			sourceTree = "<group>";
		};
/* End PBXVariantGroup section */

/* Begin XCBuildConfiguration section */
		28B074002565745C0004638D /* Debug */ = {
			isa = XCBuildConfiguration;
			buildSettings = {
				ALWAYS_SEARCH_USER_PATHS = NO;
				CLANG_ANALYZER_NONNULL = YES;
				CLANG_ANALYZER_NUMBER_OBJECT_CONVERSION = YES_AGGRESSIVE;
				CLANG_CXX_LANGUAGE_STANDARD = "gnu++14";
				CLANG_CXX_LIBRARY = "libc++";
				CLANG_ENABLE_MODULES = YES;
				CLANG_ENABLE_OBJC_ARC = YES;
				CLANG_ENABLE_OBJC_WEAK = YES;
				CLANG_WARN_BLOCK_CAPTURE_AUTORELEASING = YES;
				CLANG_WARN_BOOL_CONVERSION = YES;
				CLANG_WARN_COMMA = YES;
				CLANG_WARN_CONSTANT_CONVERSION = YES;
				CLANG_WARN_DEPRECATED_OBJC_IMPLEMENTATIONS = YES;
				CLANG_WARN_DIRECT_OBJC_ISA_USAGE = YES_ERROR;
				CLANG_WARN_DOCUMENTATION_COMMENTS = YES;
				CLANG_WARN_EMPTY_BODY = YES;
				CLANG_WARN_ENUM_CONVERSION = YES;
				CLANG_WARN_INFINITE_RECURSION = YES;
				CLANG_WARN_INT_CONVERSION = YES;
				CLANG_WARN_NON_LITERAL_NULL_CONVERSION = YES;
				CLANG_WARN_OBJC_IMPLICIT_RETAIN_SELF = YES;
				CLANG_WARN_OBJC_LITERAL_CONVERSION = YES;
				CLANG_WARN_OBJC_ROOT_CLASS = YES_ERROR;
				CLANG_WARN_QUOTED_INCLUDE_IN_FRAMEWORK_HEADER = YES;
				CLANG_WARN_RANGE_LOOP_ANALYSIS = YES;
				CLANG_WARN_STRICT_PROTOTYPES = YES;
				CLANG_WARN_SUSPICIOUS_MOVE = YES;
				CLANG_WARN_UNGUARDED_AVAILABILITY = YES_AGGRESSIVE;
				CLANG_WARN_UNREACHABLE_CODE = YES;
				CLANG_WARN__DUPLICATE_METHOD_MATCH = YES;
				COPY_PHASE_STRIP = NO;
				DEBUG_INFORMATION_FORMAT = dwarf;
				ENABLE_STRICT_OBJC_MSGSEND = YES;
				ENABLE_TESTABILITY = YES;
				GCC_C_LANGUAGE_STANDARD = gnu11;
				GCC_DYNAMIC_NO_PIC = NO;
				GCC_NO_COMMON_BLOCKS = YES;
				GCC_OPTIMIZATION_LEVEL = 0;
				GCC_PREPROCESSOR_DEFINITIONS = (
					"DEBUG=1",
					"$(inherited)",
				);
				GCC_WARN_64_TO_32_BIT_CONVERSION = YES;
				GCC_WARN_ABOUT_RETURN_TYPE = YES_ERROR;
				GCC_WARN_UNDECLARED_SELECTOR = YES;
				GCC_WARN_UNINITIALIZED_AUTOS = YES_AGGRESSIVE;
				GCC_WARN_UNUSED_FUNCTION = YES;
				GCC_WARN_UNUSED_VARIABLE = YES;
				IPHONEOS_DEPLOYMENT_TARGET = 14.0;
				MTL_ENABLE_DEBUG_INFO = INCLUDE_SOURCE;
				MTL_FAST_MATH = YES;
				ONLY_ACTIVE_ARCH = YES;
				SDKROOT = iphoneos;
				SWIFT_ACTIVE_COMPILATION_CONDITIONS = DEBUG;
				SWIFT_OPTIMIZATION_LEVEL = "-Onone";
			};
			name = Debug;
		};
		28B074012565745C0004638D /* Release */ = {
			isa = XCBuildConfiguration;
			buildSettings = {
				ALWAYS_SEARCH_USER_PATHS = NO;
				CLANG_ANALYZER_NONNULL = YES;
				CLANG_ANALYZER_NUMBER_OBJECT_CONVERSION = YES_AGGRESSIVE;
				CLANG_CXX_LANGUAGE_STANDARD = "gnu++14";
				CLANG_CXX_LIBRARY = "libc++";
				CLANG_ENABLE_MODULES = YES;
				CLANG_ENABLE_OBJC_ARC = YES;
				CLANG_ENABLE_OBJC_WEAK = YES;
				CLANG_WARN_BLOCK_CAPTURE_AUTORELEASING = YES;
				CLANG_WARN_BOOL_CONVERSION = YES;
				CLANG_WARN_COMMA = YES;
				CLANG_WARN_CONSTANT_CONVERSION = YES;
				CLANG_WARN_DEPRECATED_OBJC_IMPLEMENTATIONS = YES;
				CLANG_WARN_DIRECT_OBJC_ISA_USAGE = YES_ERROR;
				CLANG_WARN_DOCUMENTATION_COMMENTS = YES;
				CLANG_WARN_EMPTY_BODY = YES;
				CLANG_WARN_ENUM_CONVERSION = YES;
				CLANG_WARN_INFINITE_RECURSION = YES;
				CLANG_WARN_INT_CONVERSION = YES;
				CLANG_WARN_NON_LITERAL_NULL_CONVERSION = YES;
				CLANG_WARN_OBJC_IMPLICIT_RETAIN_SELF = YES;
				CLANG_WARN_OBJC_LITERAL_CONVERSION = YES;
				CLANG_WARN_OBJC_ROOT_CLASS = YES_ERROR;
				CLANG_WARN_QUOTED_INCLUDE_IN_FRAMEWORK_HEADER = YES;
				CLANG_WARN_RANGE_LOOP_ANALYSIS = YES;
				CLANG_WARN_STRICT_PROTOTYPES = YES;
				CLANG_WARN_SUSPICIOUS_MOVE = YES;
				CLANG_WARN_UNGUARDED_AVAILABILITY = YES_AGGRESSIVE;
				CLANG_WARN_UNREACHABLE_CODE = YES;
				CLANG_WARN__DUPLICATE_METHOD_MATCH = YES;
				COPY_PHASE_STRIP = NO;
				DEBUG_INFORMATION_FORMAT = "dwarf-with-dsym";
				ENABLE_NS_ASSERTIONS = NO;
				ENABLE_STRICT_OBJC_MSGSEND = YES;
				GCC_C_LANGUAGE_STANDARD = gnu11;
				GCC_NO_COMMON_BLOCKS = YES;
				GCC_WARN_64_TO_32_BIT_CONVERSION = YES;
				GCC_WARN_ABOUT_RETURN_TYPE = YES_ERROR;
				GCC_WARN_UNDECLARED_SELECTOR = YES;
				GCC_WARN_UNINITIALIZED_AUTOS = YES_AGGRESSIVE;
				GCC_WARN_UNUSED_FUNCTION = YES;
				GCC_WARN_UNUSED_VARIABLE = YES;
				IPHONEOS_DEPLOYMENT_TARGET = 14.0;
				MTL_ENABLE_DEBUG_INFO = NO;
				MTL_FAST_MATH = YES;
				SDKROOT = iphoneos;
				SWIFT_COMPILATION_MODE = wholemodule;
				SWIFT_OPTIMIZATION_LEVEL = "-O";
				VALIDATE_PRODUCT = YES;
			};
			name = Release;
		};
		28B074032565745C0004638D /* Debug */ = {
			isa = XCBuildConfiguration;
			buildSettings = {
				ASSETCATALOG_COMPILER_APPICON_NAME = AppIcon;
				ASSETCATALOG_COMPILER_GLOBAL_ACCENT_COLOR_NAME = AccentColor;
				CODE_SIGN_STYLE = Automatic;
				DEVELOPMENT_ASSET_PATHS = "\"HN/Preview Content\"";
				DEVELOPMENT_TEAM = P3N2G95HRL;
				ENABLE_PREVIEWS = YES;
				INFOPLIST_FILE = HN/Info.plist;
				LD_RUNPATH_SEARCH_PATHS = (
					"$(inherited)",
					"@executable_path/Frameworks",
				);
				PRODUCT_BUNDLE_IDENTIFIER = com.suppadu.HN;
				PRODUCT_NAME = "$(TARGET_NAME)";
				SWIFT_VERSION = 5.0;
				TARGETED_DEVICE_FAMILY = "1,2";
			};
			name = Debug;
		};
		28B074042565745C0004638D /* Release */ = {
			isa = XCBuildConfiguration;
			buildSettings = {
				ASSETCATALOG_COMPILER_APPICON_NAME = AppIcon;
				ASSETCATALOG_COMPILER_GLOBAL_ACCENT_COLOR_NAME = AccentColor;
				CODE_SIGN_STYLE = Automatic;
				DEVELOPMENT_ASSET_PATHS = "\"HN/Preview Content\"";
				DEVELOPMENT_TEAM = P3N2G95HRL;
				ENABLE_PREVIEWS = YES;
				INFOPLIST_FILE = HN/Info.plist;
				LD_RUNPATH_SEARCH_PATHS = (
					"$(inherited)",
					"@executable_path/Frameworks",
				);
				PRODUCT_BUNDLE_IDENTIFIER = com.suppadu.HN;
				PRODUCT_NAME = "$(TARGET_NAME)";
				SWIFT_VERSION = 5.0;
				TARGETED_DEVICE_FAMILY = "1,2";
			};
			name = Release;
		};
/* End XCBuildConfiguration section */

/* Begin XCConfigurationList section */
		28B073E9256574570004638D /* Build configuration list for PBXProject "HN" */ = {
			isa = XCConfigurationList;
			buildConfigurations = (
				28B074002565745C0004638D /* Debug */,
				28B074012565745C0004638D /* Release */,
			);
			defaultConfigurationIsVisible = 0;
			defaultConfigurationName = Release;
		};
		28B074022565745C0004638D /* Build configuration list for PBXNativeTarget "HN" */ = {
			isa = XCConfigurationList;
			buildConfigurations = (
				28B074032565745C0004638D /* Debug */,
				28B074042565745C0004638D /* Release */,
			);
			defaultConfigurationIsVisible = 0;
			defaultConfigurationName = Release;
		};
/* End XCConfigurationList section */
	};
	rootObject = 28B073E6256574570004638D /* Project object */;
}
